// !$*UTF8*$!
{
	archiveVersion = 1;
	classes = {
	};
	objectVersion = 48;
	objects = {

/* Begin PBXBuildFile section */
		9B17E03C1FDB2BEF0041332A /* AppDelegate.swift in Sources */ = {isa = PBXBuildFile; fileRef = 9B17E03B1FDB2BEF0041332A /* AppDelegate.swift */; };
		9B17E03E1FDB2BEF0041332A /* ViewController.swift in Sources */ = {isa = PBXBuildFile; fileRef = 9B17E03D1FDB2BEF0041332A /* ViewController.swift */; };
		9B17E0411FDB2BEF0041332A /* Main.storyboard in Resources */ = {isa = PBXBuildFile; fileRef = 9B17E03F1FDB2BEF0041332A /* Main.storyboard */; };
		9B17E0431FDB2BEF0041332A /* Assets.xcassets in Resources */ = {isa = PBXBuildFile; fileRef = 9B17E0421FDB2BEF0041332A /* Assets.xcassets */; };
		9B17E0461FDB2BEF0041332A /* LaunchScreen.storyboard in Resources */ = {isa = PBXBuildFile; fileRef = 9B17E0441FDB2BEF0041332A /* LaunchScreen.storyboard */; };
		9B17E04E1FDB2CE20041332A /* Bounce.swift in Sources */ = {isa = PBXBuildFile; fileRef = 9B17E04D1FDB2CE20041332A /* Bounce.swift */; };
		9BFB78BE1FE2F26B00DE1873 /* background.mp3 in Resources */ = {isa = PBXBuildFile; fileRef = 9BFB78BD1FE2F26A00DE1873 /* background.mp3 */; };
		9BFB78C01FE351FA00DE1873 /* bitcoin_fond.png in Resources */ = {isa = PBXBuildFile; fileRef = 9BFB78BF1FE351F900DE1873 /* bitcoin_fond.png */; };
		9BFB78C21FE35B9900DE1873 /* bitcoin_home.png in Resources */ = {isa = PBXBuildFile; fileRef = 9BFB78C11FE35B9900DE1873 /* bitcoin_home.png */; };
		9BFB78C41FE3638100DE1873 /* launch_bitcoin.png in Resources */ = {isa = PBXBuildFile; fileRef = 9BFB78C31FE3638100DE1873 /* launch_bitcoin.png */; };
		9BFB78C61FE36C1B00DE1873 /* message_game_over.png in Resources */ = {isa = PBXBuildFile; fileRef = 9BFB78C51FE36C1A00DE1873 /* message_game_over.png */; };
		9BFB78E61FE36E7E00DE1873 /* Icon-196.png in Resources */ = {isa = PBXBuildFile; fileRef = 9BFB78C81FE36E7200DE1873 /* Icon-196.png */; };
		9BFB78E71FE36E7E00DE1873 /* Icon-20.png in Resources */ = {isa = PBXBuildFile; fileRef = 9BFB78C91FE36E7200DE1873 /* Icon-20.png */; };
		9BFB78E81FE36E7E00DE1873 /* Icon-144.png in Resources */ = {isa = PBXBuildFile; fileRef = 9BFB78CA1FE36E7300DE1873 /* Icon-144.png */; };
		9BFB78E91FE36E7E00DE1873 /* Icon-167.png in Resources */ = {isa = PBXBuildFile; fileRef = 9BFB78CB1FE36E7300DE1873 /* Icon-167.png */; };
		9BFB78EA1FE36E7E00DE1873 /* Icon-64.png in Resources */ = {isa = PBXBuildFile; fileRef = 9BFB78CC1FE36E7400DE1873 /* Icon-64.png */; };
		9BFB78EB1FE36E7E00DE1873 /* Icon-180.png in Resources */ = {isa = PBXBuildFile; fileRef = 9BFB78CD1FE36E7400DE1873 /* Icon-180.png */; };
		9BFB78EC1FE36E7E00DE1873 /* Icon-40.png in Resources */ = {isa = PBXBuildFile; fileRef = 9BFB78CE1FE36E7400DE1873 /* Icon-40.png */; };
		9BFB78ED1FE36E7E00DE1873 /* Icon-72.png in Resources */ = {isa = PBXBuildFile; fileRef = 9BFB78CF1FE36E7500DE1873 /* Icon-72.png */; };
		9BFB78EE1FE36E7E00DE1873 /* Icon-76.png in Resources */ = {isa = PBXBuildFile; fileRef = 9BFB78D01FE36E7500DE1873 /* Icon-76.png */; };
		9BFB78EF1FE36E7E00DE1873 /* Icon-32.png in Resources */ = {isa = PBXBuildFile; fileRef = 9BFB78D11FE36E7600DE1873 /* Icon-32.png */; };
		9BFB78F01FE36E7E00DE1873 /* Icon-48.png in Resources */ = {isa = PBXBuildFile; fileRef = 9BFB78D21FE36E7600DE1873 /* Icon-48.png */; };
		9BFB78F11FE36E7E00DE1873 /* Icon-128.png in Resources */ = {isa = PBXBuildFile; fileRef = 9BFB78D31FE36E7600DE1873 /* Icon-128.png */; };
		9BFB78F21FE36E7E00DE1873 /* Icon-55.png in Resources */ = {isa = PBXBuildFile; fileRef = 9BFB78D41FE36E7700DE1873 /* Icon-55.png */; };
		9BFB78F31FE36E7E00DE1873 /* Icon-60.png in Resources */ = {isa = PBXBuildFile; fileRef = 9BFB78D51FE36E7700DE1873 /* Icon-60.png */; };
		9BFB78F41FE36E7E00DE1873 /* Icon-100.png in Resources */ = {isa = PBXBuildFile; fileRef = 9BFB78D61FE36E7800DE1873 /* Icon-100.png */; };
		9BFB78F51FE36E7E00DE1873 /* Icon-120.png in Resources */ = {isa = PBXBuildFile; fileRef = 9BFB78D71FE36E7800DE1873 /* Icon-120.png */; };
		9BFB78F61FE36E7E00DE1873 /* Icon-172.png in Resources */ = {isa = PBXBuildFile; fileRef = 9BFB78D81FE36E7800DE1873 /* Icon-172.png */; };
		9BFB78F71FE36E7E00DE1873 /* Icon-50.png in Resources */ = {isa = PBXBuildFile; fileRef = 9BFB78D91FE36E7900DE1873 /* Icon-50.png */; };
		9BFB78F81FE36E7E00DE1873 /* Icon-256.png in Resources */ = {isa = PBXBuildFile; fileRef = 9BFB78DA1FE36E7900DE1873 /* Icon-256.png */; };
		9BFB78F91FE36E7E00DE1873 /* Icon-57.png in Resources */ = {isa = PBXBuildFile; fileRef = 9BFB78DB1FE36E7A00DE1873 /* Icon-57.png */; };
		9BFB78FA1FE36E7E00DE1873 /* Icon-512.png in Resources */ = {isa = PBXBuildFile; fileRef = 9BFB78DC1FE36E7A00DE1873 /* Icon-512.png */; };
		9BFB78FB1FE36E7E00DE1873 /* Icon-58.png in Resources */ = {isa = PBXBuildFile; fileRef = 9BFB78DD1FE36E7A00DE1873 /* Icon-58.png */; };
		9BFB78FC1FE36E7E00DE1873 /* Icon-16.png in Resources */ = {isa = PBXBuildFile; fileRef = 9BFB78DE1FE36E7B00DE1873 /* Icon-16.png */; };
		9BFB78FD1FE36E7E00DE1873 /* Icon-1024.png in Resources */ = {isa = PBXBuildFile; fileRef = 9BFB78DF1FE36E7B00DE1873 /* Icon-1024.png */; };
		9BFB78FE1FE36E7E00DE1873 /* Icon-87.png in Resources */ = {isa = PBXBuildFile; fileRef = 9BFB78E01FE36E7C00DE1873 /* Icon-87.png */; };
		9BFB78FF1FE36E7E00DE1873 /* Icon-80.png in Resources */ = {isa = PBXBuildFile; fileRef = 9BFB78E11FE36E7C00DE1873 /* Icon-80.png */; };
		9BFB79001FE36E7E00DE1873 /* Icon-114.png in Resources */ = {isa = PBXBuildFile; fileRef = 9BFB78E21FE36E7D00DE1873 /* Icon-114.png */; };
		9BFB79011FE36E7E00DE1873 /* Icon-29.png in Resources */ = {isa = PBXBuildFile; fileRef = 9BFB78E31FE36E7D00DE1873 /* Icon-29.png */; };
		9BFB79021FE36E7E00DE1873 /* Icon-152.png in Resources */ = {isa = PBXBuildFile; fileRef = 9BFB78E41FE36E7E00DE1873 /* Icon-152.png */; };
		9BFB79031FE36E7E00DE1873 /* Icon-88.png in Resources */ = {isa = PBXBuildFile; fileRef = 9BFB78E51FE36E7E00DE1873 /* Icon-88.png */; };
		C67B7D3B1FE1B58A008B8908 /* piece.png in Resources */ = {isa = PBXBuildFile; fileRef = C67B7D381FE1B589008B8908 /* piece.png */; };
		C67B7D3C1FE1B58A008B8908 /* ball.png in Resources */ = {isa = PBXBuildFile; fileRef = C67B7D391FE1B58A008B8908 /* ball.png */; };
/* End PBXBuildFile section */

/* Begin PBXFileReference section */
		9B17E0381FDB2BEF0041332A /* cours_20_bouce.app */ = {isa = PBXFileReference; explicitFileType = wrapper.application; includeInIndex = 0; path = cours_20_bouce.app; sourceTree = BUILT_PRODUCTS_DIR; };
		9B17E03B1FDB2BEF0041332A /* AppDelegate.swift */ = {isa = PBXFileReference; lastKnownFileType = sourcecode.swift; path = AppDelegate.swift; sourceTree = "<group>"; };
		9B17E03D1FDB2BEF0041332A /* ViewController.swift */ = {isa = PBXFileReference; lastKnownFileType = sourcecode.swift; path = ViewController.swift; sourceTree = "<group>"; };
		9B17E0401FDB2BEF0041332A /* Base */ = {isa = PBXFileReference; lastKnownFileType = file.storyboard; name = Base; path = Base.lproj/Main.storyboard; sourceTree = "<group>"; };
		9B17E0421FDB2BEF0041332A /* Assets.xcassets */ = {isa = PBXFileReference; lastKnownFileType = folder.assetcatalog; path = Assets.xcassets; sourceTree = "<group>"; };
		9B17E0451FDB2BEF0041332A /* Base */ = {isa = PBXFileReference; lastKnownFileType = file.storyboard; name = Base; path = Base.lproj/LaunchScreen.storyboard; sourceTree = "<group>"; };
		9B17E0471FDB2BEF0041332A /* Info.plist */ = {isa = PBXFileReference; lastKnownFileType = text.plist.xml; path = Info.plist; sourceTree = "<group>"; };
		9B17E04D1FDB2CE20041332A /* Bounce.swift */ = {isa = PBXFileReference; lastKnownFileType = sourcecode.swift; path = Bounce.swift; sourceTree = "<group>"; };
		9BFB78BD1FE2F26A00DE1873 /* background.mp3 */ = {isa = PBXFileReference; lastKnownFileType = audio.mp3; path = background.mp3; sourceTree = "<group>"; };
		9BFB78BF1FE351F900DE1873 /* bitcoin_fond.png */ = {isa = PBXFileReference; lastKnownFileType = image.png; path = bitcoin_fond.png; sourceTree = "<group>"; };
		9BFB78C11FE35B9900DE1873 /* bitcoin_home.png */ = {isa = PBXFileReference; lastKnownFileType = image.png; path = bitcoin_home.png; sourceTree = "<group>"; };
		9BFB78C31FE3638100DE1873 /* launch_bitcoin.png */ = {isa = PBXFileReference; lastKnownFileType = image.png; path = launch_bitcoin.png; sourceTree = "<group>"; };
		9BFB78C51FE36C1A00DE1873 /* message_game_over.png */ = {isa = PBXFileReference; lastKnownFileType = image.png; path = message_game_over.png; sourceTree = "<group>"; };
		9BFB78C81FE36E7200DE1873 /* Icon-196.png */ = {isa = PBXFileReference; lastKnownFileType = image.png; path = "Icon-196.png"; sourceTree = "<group>"; };
		9BFB78C91FE36E7200DE1873 /* Icon-20.png */ = {isa = PBXFileReference; lastKnownFileType = image.png; path = "Icon-20.png"; sourceTree = "<group>"; };
		9BFB78CA1FE36E7300DE1873 /* Icon-144.png */ = {isa = PBXFileReference; lastKnownFileType = image.png; path = "Icon-144.png"; sourceTree = "<group>"; };
		9BFB78CB1FE36E7300DE1873 /* Icon-167.png */ = {isa = PBXFileReference; lastKnownFileType = image.png; path = "Icon-167.png"; sourceTree = "<group>"; };
		9BFB78CC1FE36E7400DE1873 /* Icon-64.png */ = {isa = PBXFileReference; lastKnownFileType = image.png; path = "Icon-64.png"; sourceTree = "<group>"; };
		9BFB78CD1FE36E7400DE1873 /* Icon-180.png */ = {isa = PBXFileReference; lastKnownFileType = image.png; path = "Icon-180.png"; sourceTree = "<group>"; };
		9BFB78CE1FE36E7400DE1873 /* Icon-40.png */ = {isa = PBXFileReference; lastKnownFileType = image.png; path = "Icon-40.png"; sourceTree = "<group>"; };
		9BFB78CF1FE36E7500DE1873 /* Icon-72.png */ = {isa = PBXFileReference; lastKnownFileType = image.png; path = "Icon-72.png"; sourceTree = "<group>"; };
		9BFB78D01FE36E7500DE1873 /* Icon-76.png */ = {isa = PBXFileReference; lastKnownFileType = image.png; path = "Icon-76.png"; sourceTree = "<group>"; };
		9BFB78D11FE36E7600DE1873 /* Icon-32.png */ = {isa = PBXFileReference; lastKnownFileType = image.png; path = "Icon-32.png"; sourceTree = "<group>"; };
		9BFB78D21FE36E7600DE1873 /* Icon-48.png */ = {isa = PBXFileReference; lastKnownFileType = image.png; path = "Icon-48.png"; sourceTree = "<group>"; };
		9BFB78D31FE36E7600DE1873 /* Icon-128.png */ = {isa = PBXFileReference; lastKnownFileType = image.png; path = "Icon-128.png"; sourceTree = "<group>"; };
		9BFB78D41FE36E7700DE1873 /* Icon-55.png */ = {isa = PBXFileReference; lastKnownFileType = image.png; path = "Icon-55.png"; sourceTree = "<group>"; };
		9BFB78D51FE36E7700DE1873 /* Icon-60.png */ = {isa = PBXFileReference; lastKnownFileType = image.png; path = "Icon-60.png"; sourceTree = "<group>"; };
		9BFB78D61FE36E7800DE1873 /* Icon-100.png */ = {isa = PBXFileReference; lastKnownFileType = image.png; path = "Icon-100.png"; sourceTree = "<group>"; };
		9BFB78D71FE36E7800DE1873 /* Icon-120.png */ = {isa = PBXFileReference; lastKnownFileType = image.png; path = "Icon-120.png"; sourceTree = "<group>"; };
		9BFB78D81FE36E7800DE1873 /* Icon-172.png */ = {isa = PBXFileReference; lastKnownFileType = image.png; path = "Icon-172.png"; sourceTree = "<group>"; };
		9BFB78D91FE36E7900DE1873 /* Icon-50.png */ = {isa = PBXFileReference; lastKnownFileType = image.png; path = "Icon-50.png"; sourceTree = "<group>"; };
		9BFB78DA1FE36E7900DE1873 /* Icon-256.png */ = {isa = PBXFileReference; lastKnownFileType = image.png; path = "Icon-256.png"; sourceTree = "<group>"; };
		9BFB78DB1FE36E7A00DE1873 /* Icon-57.png */ = {isa = PBXFileReference; lastKnownFileType = image.png; path = "Icon-57.png"; sourceTree = "<group>"; };
		9BFB78DC1FE36E7A00DE1873 /* Icon-512.png */ = {isa = PBXFileReference; lastKnownFileType = image.png; path = "Icon-512.png"; sourceTree = "<group>"; };
		9BFB78DD1FE36E7A00DE1873 /* Icon-58.png */ = {isa = PBXFileReference; lastKnownFileType = image.png; path = "Icon-58.png"; sourceTree = "<group>"; };
		9BFB78DE1FE36E7B00DE1873 /* Icon-16.png */ = {isa = PBXFileReference; lastKnownFileType = image.png; path = "Icon-16.png"; sourceTree = "<group>"; };
		9BFB78DF1FE36E7B00DE1873 /* Icon-1024.png */ = {isa = PBXFileReference; lastKnownFileType = image.png; path = "Icon-1024.png"; sourceTree = "<group>"; };
		9BFB78E01FE36E7C00DE1873 /* Icon-87.png */ = {isa = PBXFileReference; lastKnownFileType = image.png; path = "Icon-87.png"; sourceTree = "<group>"; };
		9BFB78E11FE36E7C00DE1873 /* Icon-80.png */ = {isa = PBXFileReference; lastKnownFileType = image.png; path = "Icon-80.png"; sourceTree = "<group>"; };
		9BFB78E21FE36E7D00DE1873 /* Icon-114.png */ = {isa = PBXFileReference; lastKnownFileType = image.png; path = "Icon-114.png"; sourceTree = "<group>"; };
		9BFB78E31FE36E7D00DE1873 /* Icon-29.png */ = {isa = PBXFileReference; lastKnownFileType = image.png; path = "Icon-29.png"; sourceTree = "<group>"; };
		9BFB78E41FE36E7E00DE1873 /* Icon-152.png */ = {isa = PBXFileReference; lastKnownFileType = image.png; path = "Icon-152.png"; sourceTree = "<group>"; };
		9BFB78E51FE36E7E00DE1873 /* Icon-88.png */ = {isa = PBXFileReference; lastKnownFileType = image.png; path = "Icon-88.png"; sourceTree = "<group>"; };
		C67B7D381FE1B589008B8908 /* piece.png */ = {isa = PBXFileReference; lastKnownFileType = image.png; path = piece.png; sourceTree = "<group>"; };
		C67B7D391FE1B58A008B8908 /* ball.png */ = {isa = PBXFileReference; lastKnownFileType = image.png; path = ball.png; sourceTree = "<group>"; };
/* End PBXFileReference section */

/* Begin PBXFrameworksBuildPhase section */
		9B17E0351FDB2BEF0041332A /* Frameworks */ = {
			isa = PBXFrameworksBuildPhase;
			buildActionMask = 2147483647;
			files = (
			);
			runOnlyForDeploymentPostprocessing = 0;
		};
/* End PBXFrameworksBuildPhase section */

/* Begin PBXGroup section */
		9B17E02F1FDB2BEF0041332A = {
			isa = PBXGroup;
			children = (
				9B17E03A1FDB2BEF0041332A /* cours_20_bouce */,
				9B17E0391FDB2BEF0041332A /* Products */,
			);
			sourceTree = "<group>";
		};
		9B17E0391FDB2BEF0041332A /* Products */ = {
			isa = PBXGroup;
			children = (
				9B17E0381FDB2BEF0041332A /* cours_20_bouce.app */,
			);
			name = Products;
			sourceTree = "<group>";
		};
		9B17E03A1FDB2BEF0041332A /* cours_20_bouce */ = {
			isa = PBXGroup;
			children = (
				9BFB78C71FE36DBB00DE1873 /* icon */,
				9BFB78BC1FE2F17F00DE1873 /* Sounds */,
				C67B7D371FE1B514008B8908 /* images */,
				9B17E03B1FDB2BEF0041332A /* AppDelegate.swift */,
				9B17E04D1FDB2CE20041332A /* Bounce.swift */,
				9B17E03D1FDB2BEF0041332A /* ViewController.swift */,
				9B17E03F1FDB2BEF0041332A /* Main.storyboard */,
				9B17E0421FDB2BEF0041332A /* Assets.xcassets */,
				9B17E0441FDB2BEF0041332A /* LaunchScreen.storyboard */,
				9B17E0471FDB2BEF0041332A /* Info.plist */,
			);
			path = cours_20_bouce;
			sourceTree = "<group>";
		};
		9BFB78BC1FE2F17F00DE1873 /* Sounds */ = {
			isa = PBXGroup;
			children = (
				9BFB78BD1FE2F26A00DE1873 /* background.mp3 */,
			);
			path = Sounds;
			sourceTree = "<group>";
		};
		9BFB78C71FE36DBB00DE1873 /* icon */ = {
			isa = PBXGroup;
			children = (
				9BFB78DE1FE36E7B00DE1873 /* Icon-16.png */,
				9BFB78C91FE36E7200DE1873 /* Icon-20.png */,
				9BFB78E31FE36E7D00DE1873 /* Icon-29.png */,
				9BFB78D11FE36E7600DE1873 /* Icon-32.png */,
				9BFB78CE1FE36E7400DE1873 /* Icon-40.png */,
				9BFB78D21FE36E7600DE1873 /* Icon-48.png */,
				9BFB78D91FE36E7900DE1873 /* Icon-50.png */,
				9BFB78D41FE36E7700DE1873 /* Icon-55.png */,
				9BFB78DB1FE36E7A00DE1873 /* Icon-57.png */,
				9BFB78DD1FE36E7A00DE1873 /* Icon-58.png */,
				9BFB78D51FE36E7700DE1873 /* Icon-60.png */,
				9BFB78CC1FE36E7400DE1873 /* Icon-64.png */,
				9BFB78CF1FE36E7500DE1873 /* Icon-72.png */,
				9BFB78D01FE36E7500DE1873 /* Icon-76.png */,
				9BFB78E11FE36E7C00DE1873 /* Icon-80.png */,
				9BFB78E01FE36E7C00DE1873 /* Icon-87.png */,
				9BFB78E51FE36E7E00DE1873 /* Icon-88.png */,
				9BFB78D61FE36E7800DE1873 /* Icon-100.png */,
				9BFB78E21FE36E7D00DE1873 /* Icon-114.png */,
				9BFB78D71FE36E7800DE1873 /* Icon-120.png */,
				9BFB78D31FE36E7600DE1873 /* Icon-128.png */,
				9BFB78CA1FE36E7300DE1873 /* Icon-144.png */,
				9BFB78E41FE36E7E00DE1873 /* Icon-152.png */,
				9BFB78CB1FE36E7300DE1873 /* Icon-167.png */,
				9BFB78D81FE36E7800DE1873 /* Icon-172.png */,
				9BFB78CD1FE36E7400DE1873 /* Icon-180.png */,
				9BFB78C81FE36E7200DE1873 /* Icon-196.png */,
				9BFB78DA1FE36E7900DE1873 /* Icon-256.png */,
				9BFB78DC1FE36E7A00DE1873 /* Icon-512.png */,
				9BFB78DF1FE36E7B00DE1873 /* Icon-1024.png */,
			);
			path = icon;
			sourceTree = "<group>";
		};
		C67B7D371FE1B514008B8908 /* images */ = {
			isa = PBXGroup;
			children = (
				9BFB78C51FE36C1A00DE1873 /* message_game_over.png */,
				9BFB78C31FE3638100DE1873 /* launch_bitcoin.png */,
				9BFB78C11FE35B9900DE1873 /* bitcoin_home.png */,
				9BFB78BF1FE351F900DE1873 /* bitcoin_fond.png */,
				C67B7D391FE1B58A008B8908 /* ball.png */,
				C67B7D381FE1B589008B8908 /* piece.png */,
			);
			path = images;
			sourceTree = "<group>";
		};
/* End PBXGroup section */

/* Begin PBXNativeTarget section */
		9B17E0371FDB2BEF0041332A /* cours_20_bouce */ = {
			isa = PBXNativeTarget;
			buildConfigurationList = 9B17E04A1FDB2BEF0041332A /* Build configuration list for PBXNativeTarget "cours_20_bouce" */;
			buildPhases = (
				9B17E0341FDB2BEF0041332A /* Sources */,
				9B17E0351FDB2BEF0041332A /* Frameworks */,
				9B17E0361FDB2BEF0041332A /* Resources */,
			);
			buildRules = (
			);
			dependencies = (
			);
			name = cours_20_bouce;
			productName = cours_20_bouce;
			productReference = 9B17E0381FDB2BEF0041332A /* cours_20_bouce.app */;
			productType = "com.apple.product-type.application";
		};
/* End PBXNativeTarget section */

/* Begin PBXProject section */
		9B17E0301FDB2BEF0041332A /* Project object */ = {
			isa = PBXProject;
			attributes = {
				LastSwiftUpdateCheck = 0910;
				LastUpgradeCheck = 0910;
				ORGANIZATIONNAME = eleves;
				TargetAttributes = {
					9B17E0371FDB2BEF0041332A = {
						CreatedOnToolsVersion = 9.1;
						ProvisioningStyle = Automatic;
					};
				};
			};
			buildConfigurationList = 9B17E0331FDB2BEF0041332A /* Build configuration list for PBXProject "cours_20_bouce" */;
			compatibilityVersion = "Xcode 8.0";
			developmentRegion = en;
			hasScannedForEncodings = 0;
			knownRegions = (
				en,
				Base,
			);
			mainGroup = 9B17E02F1FDB2BEF0041332A;
			productRefGroup = 9B17E0391FDB2BEF0041332A /* Products */;
			projectDirPath = "";
			projectRoot = "";
			targets = (
				9B17E0371FDB2BEF0041332A /* cours_20_bouce */,
			);
		};
/* End PBXProject section */

/* Begin PBXResourcesBuildPhase section */
		9B17E0361FDB2BEF0041332A /* Resources */ = {
			isa = PBXResourcesBuildPhase;
			buildActionMask = 2147483647;
			files = (
				9BFB78C41FE3638100DE1873 /* launch_bitcoin.png in Resources */,
				9BFB79021FE36E7E00DE1873 /* Icon-152.png in Resources */,
				9BFB78FB1FE36E7E00DE1873 /* Icon-58.png in Resources */,
				9BFB78EC1FE36E7E00DE1873 /* Icon-40.png in Resources */,
				9BFB78F31FE36E7E00DE1873 /* Icon-60.png in Resources */,
				9BFB78BE1FE2F26B00DE1873 /* background.mp3 in Resources */,
				9BFB78E71FE36E7E00DE1873 /* Icon-20.png in Resources */,
				9BFB78C01FE351FA00DE1873 /* bitcoin_fond.png in Resources */,
				9BFB79011FE36E7E00DE1873 /* Icon-29.png in Resources */,
				9B17E0461FDB2BEF0041332A /* LaunchScreen.storyboard in Resources */,
				9BFB78C21FE35B9900DE1873 /* bitcoin_home.png in Resources */,
				9BFB78F51FE36E7E00DE1873 /* Icon-120.png in Resources */,
				9BFB78E81FE36E7E00DE1873 /* Icon-144.png in Resources */,
				C67B7D3C1FE1B58A008B8908 /* ball.png in Resources */,
				9BFB78EF1FE36E7E00DE1873 /* Icon-32.png in Resources */,
				9B17E0431FDB2BEF0041332A /* Assets.xcassets in Resources */,
				9BFB78FE1FE36E7E00DE1873 /* Icon-87.png in Resources */,
				9BFB78E61FE36E7E00DE1873 /* Icon-196.png in Resources */,
				9BFB78F41FE36E7E00DE1873 /* Icon-100.png in Resources */,
				9BFB78ED1FE36E7E00DE1873 /* Icon-72.png in Resources */,
				C67B7D3B1FE1B58A008B8908 /* piece.png in Resources */,
				9BFB78EA1FE36E7E00DE1873 /* Icon-64.png in Resources */,
				9BFB78FF1FE36E7E00DE1873 /* Icon-80.png in Resources */,
				9BFB78F81FE36E7E00DE1873 /* Icon-256.png in Resources */,
				9BFB78E91FE36E7E00DE1873 /* Icon-167.png in Resources */,
				9BFB78FD1FE36E7E00DE1873 /* Icon-1024.png in Resources */,
				9BFB78F91FE36E7E00DE1873 /* Icon-57.png in Resources */,
				9BFB78F11FE36E7E00DE1873 /* Icon-128.png in Resources */,
				9BFB79031FE36E7E00DE1873 /* Icon-88.png in Resources */,
				9B17E0411FDB2BEF0041332A /* Main.storyboard in Resources */,
				9BFB78EE1FE36E7E00DE1873 /* Icon-76.png in Resources */,
				9BFB78F21FE36E7E00DE1873 /* Icon-55.png in Resources */,
				9BFB78EB1FE36E7E00DE1873 /* Icon-180.png in Resources */,
				9BFB78C61FE36C1B00DE1873 /* message_game_over.png in Resources */,
				9BFB78F71FE36E7E00DE1873 /* Icon-50.png in Resources */,
				9BFB78F61FE36E7E00DE1873 /* Icon-172.png in Resources */,
				9BFB78FA1FE36E7E00DE1873 /* Icon-512.png in Resources */,
				9BFB79001FE36E7E00DE1873 /* Icon-114.png in Resources */,
				9BFB78F01FE36E7E00DE1873 /* Icon-48.png in Resources */,
				9BFB78FC1FE36E7E00DE1873 /* Icon-16.png in Resources */,
			);
			runOnlyForDeploymentPostprocessing = 0;
		};
/* End PBXResourcesBuildPhase section */

/* Begin PBXSourcesBuildPhase section */
		9B17E0341FDB2BEF0041332A /* Sources */ = {
			isa = PBXSourcesBuildPhase;
			buildActionMask = 2147483647;
			files = (
				9B17E04E1FDB2CE20041332A /* Bounce.swift in Sources */,
				9B17E03E1FDB2BEF0041332A /* ViewController.swift in Sources */,
				9B17E03C1FDB2BEF0041332A /* AppDelegate.swift in Sources */,
			);
			runOnlyForDeploymentPostprocessing = 0;
		};
/* End PBXSourcesBuildPhase section */

/* Begin PBXVariantGroup section */
		9B17E03F1FDB2BEF0041332A /* Main.storyboard */ = {
			isa = PBXVariantGroup;
			children = (
				9B17E0401FDB2BEF0041332A /* Base */,
			);
			name = Main.storyboard;
			sourceTree = "<group>";
		};
		9B17E0441FDB2BEF0041332A /* LaunchScreen.storyboard */ = {
			isa = PBXVariantGroup;
			children = (
				9B17E0451FDB2BEF0041332A /* Base */,
			);
			name = LaunchScreen.storyboard;
			sourceTree = "<group>";
		};
/* End PBXVariantGroup section */

/* Begin XCBuildConfiguration section */
		9B17E0481FDB2BEF0041332A /* Debug */ = {
			isa = XCBuildConfiguration;
			buildSettings = {
				ALWAYS_SEARCH_USER_PATHS = NO;
				CLANG_ANALYZER_NONNULL = YES;
				CLANG_ANALYZER_NUMBER_OBJECT_CONVERSION = YES_AGGRESSIVE;
				CLANG_CXX_LANGUAGE_STANDARD = "gnu++14";
				CLANG_CXX_LIBRARY = "libc++";
				CLANG_ENABLE_MODULES = YES;
				CLANG_ENABLE_OBJC_ARC = YES;
				CLANG_WARN_BLOCK_CAPTURE_AUTORELEASING = YES;
				CLANG_WARN_BOOL_CONVERSION = YES;
				CLANG_WARN_COMMA = YES;
				CLANG_WARN_CONSTANT_CONVERSION = YES;
				CLANG_WARN_DIRECT_OBJC_ISA_USAGE = YES_ERROR;
				CLANG_WARN_DOCUMENTATION_COMMENTS = YES;
				CLANG_WARN_EMPTY_BODY = YES;
				CLANG_WARN_ENUM_CONVERSION = YES;
				CLANG_WARN_INFINITE_RECURSION = YES;
				CLANG_WARN_INT_CONVERSION = YES;
				CLANG_WARN_NON_LITERAL_NULL_CONVERSION = YES;
				CLANG_WARN_OBJC_LITERAL_CONVERSION = YES;
				CLANG_WARN_OBJC_ROOT_CLASS = YES_ERROR;
				CLANG_WARN_RANGE_LOOP_ANALYSIS = YES;
				CLANG_WARN_STRICT_PROTOTYPES = YES;
				CLANG_WARN_SUSPICIOUS_MOVE = YES;
				CLANG_WARN_UNGUARDED_AVAILABILITY = YES_AGGRESSIVE;
				CLANG_WARN_UNREACHABLE_CODE = YES;
				CLANG_WARN__DUPLICATE_METHOD_MATCH = YES;
				CODE_SIGN_IDENTITY = "iPhone Developer";
				COPY_PHASE_STRIP = NO;
				DEBUG_INFORMATION_FORMAT = dwarf;
				ENABLE_STRICT_OBJC_MSGSEND = YES;
				ENABLE_TESTABILITY = YES;
				GCC_C_LANGUAGE_STANDARD = gnu11;
				GCC_DYNAMIC_NO_PIC = NO;
				GCC_NO_COMMON_BLOCKS = YES;
				GCC_OPTIMIZATION_LEVEL = 0;
				GCC_PREPROCESSOR_DEFINITIONS = (
					"DEBUG=1",
					"$(inherited)",
				);
				GCC_WARN_64_TO_32_BIT_CONVERSION = YES;
				GCC_WARN_ABOUT_RETURN_TYPE = YES_ERROR;
				GCC_WARN_UNDECLARED_SELECTOR = YES;
				GCC_WARN_UNINITIALIZED_AUTOS = YES_AGGRESSIVE;
				GCC_WARN_UNUSED_FUNCTION = YES;
				GCC_WARN_UNUSED_VARIABLE = YES;
				IPHONEOS_DEPLOYMENT_TARGET = 11.1;
				MTL_ENABLE_DEBUG_INFO = YES;
				ONLY_ACTIVE_ARCH = YES;
				SDKROOT = iphoneos;
				SWIFT_ACTIVE_COMPILATION_CONDITIONS = DEBUG;
				SWIFT_OPTIMIZATION_LEVEL = "-Onone";
			};
			name = Debug;
		};
		9B17E0491FDB2BEF0041332A /* Release */ = {
			isa = XCBuildConfiguration;
			buildSettings = {
				ALWAYS_SEARCH_USER_PATHS = NO;
				CLANG_ANALYZER_NONNULL = YES;
				CLANG_ANALYZER_NUMBER_OBJECT_CONVERSION = YES_AGGRESSIVE;
				CLANG_CXX_LANGUAGE_STANDARD = "gnu++14";
				CLANG_CXX_LIBRARY = "libc++";
				CLANG_ENABLE_MODULES = YES;
				CLANG_ENABLE_OBJC_ARC = YES;
				CLANG_WARN_BLOCK_CAPTURE_AUTORELEASING = YES;
				CLANG_WARN_BOOL_CONVERSION = YES;
				CLANG_WARN_COMMA = YES;
				CLANG_WARN_CONSTANT_CONVERSION = YES;
				CLANG_WARN_DIRECT_OBJC_ISA_USAGE = YES_ERROR;
				CLANG_WARN_DOCUMENTATION_COMMENTS = YES;
				CLANG_WARN_EMPTY_BODY = YES;
				CLANG_WARN_ENUM_CONVERSION = YES;
				CLANG_WARN_INFINITE_RECURSION = YES;
				CLANG_WARN_INT_CONVERSION = YES;
				CLANG_WARN_NON_LITERAL_NULL_CONVERSION = YES;
				CLANG_WARN_OBJC_LITERAL_CONVERSION = YES;
				CLANG_WARN_OBJC_ROOT_CLASS = YES_ERROR;
				CLANG_WARN_RANGE_LOOP_ANALYSIS = YES;
				CLANG_WARN_STRICT_PROTOTYPES = YES;
				CLANG_WARN_SUSPICIOUS_MOVE = YES;
				CLANG_WARN_UNGUARDED_AVAILABILITY = YES_AGGRESSIVE;
				CLANG_WARN_UNREACHABLE_CODE = YES;
				CLANG_WARN__DUPLICATE_METHOD_MATCH = YES;
				CODE_SIGN_IDENTITY = "iPhone Developer";
				COPY_PHASE_STRIP = NO;
				DEBUG_INFORMATION_FORMAT = "dwarf-with-dsym";
				ENABLE_NS_ASSERTIONS = NO;
				ENABLE_STRICT_OBJC_MSGSEND = YES;
				GCC_C_LANGUAGE_STANDARD = gnu11;
				GCC_NO_COMMON_BLOCKS = YES;
				GCC_WARN_64_TO_32_BIT_CONVERSION = YES;
				GCC_WARN_ABOUT_RETURN_TYPE = YES_ERROR;
				GCC_WARN_UNDECLARED_SELECTOR = YES;
				GCC_WARN_UNINITIALIZED_AUTOS = YES_AGGRESSIVE;
				GCC_WARN_UNUSED_FUNCTION = YES;
				GCC_WARN_UNUSED_VARIABLE = YES;
				IPHONEOS_DEPLOYMENT_TARGET = 11.1;
				MTL_ENABLE_DEBUG_INFO = NO;
				SDKROOT = iphoneos;
				SWIFT_OPTIMIZATION_LEVEL = "-Owholemodule";
				VALIDATE_PRODUCT = YES;
			};
			name = Release;
		};
		9B17E04B1FDB2BEF0041332A /* Debug */ = {
			isa = XCBuildConfiguration;
			buildSettings = {
				ASSETCATALOG_COMPILER_APPICON_NAME = AppIcon;
				CODE_SIGN_STYLE = Automatic;
				INFOPLIST_FILE = cours_20_bouce/Info.plist;
				LD_RUNPATH_SEARCH_PATHS = "$(inherited) @executable_path/Frameworks";
				PRODUCT_BUNDLE_IDENTIFIER = "com.andre.cours-20-bouce";
				PRODUCT_NAME = "$(TARGET_NAME)";
				SWIFT_VERSION = 4.0;
				TARGETED_DEVICE_FAMILY = "1,2";
			};
			name = Debug;
		};
		9B17E04C1FDB2BEF0041332A /* Release */ = {
			isa = XCBuildConfiguration;
			buildSettings = {
				ASSETCATALOG_COMPILER_APPICON_NAME = AppIcon;
				CODE_SIGN_STYLE = Automatic;
				INFOPLIST_FILE = cours_20_bouce/Info.plist;
				LD_RUNPATH_SEARCH_PATHS = "$(inherited) @executable_path/Frameworks";
				PRODUCT_BUNDLE_IDENTIFIER = "com.andre.cours-20-bouce";
				PRODUCT_NAME = "$(TARGET_NAME)";
				SWIFT_VERSION = 4.0;
				TARGETED_DEVICE_FAMILY = "1,2";
			};
			name = Release;
		};
/* End XCBuildConfiguration section */

/* Begin XCConfigurationList section */
		9B17E0331FDB2BEF0041332A /* Build configuration list for PBXProject "cours_20_bouce" */ = {
			isa = XCConfigurationList;
			buildConfigurations = (
				9B17E0481FDB2BEF0041332A /* Debug */,
				9B17E0491FDB2BEF0041332A /* Release */,
			);
			defaultConfigurationIsVisible = 0;
			defaultConfigurationName = Release;
		};
		9B17E04A1FDB2BEF0041332A /* Build configuration list for PBXNativeTarget "cours_20_bouce" */ = {
			isa = XCConfigurationList;
			buildConfigurations = (
				9B17E04B1FDB2BEF0041332A /* Debug */,
				9B17E04C1FDB2BEF0041332A /* Release */,
			);
			defaultConfigurationIsVisible = 0;
			defaultConfigurationName = Release;
		};
/* End XCConfigurationList section */
	};
	rootObject = 9B17E0301FDB2BEF0041332A /* Project object */;
}
